# This file is automatically @generated by Cargo.
# It is not intended for manual editing.
version = 4

[[package]]
name = "aho-corasick"
version = "1.1.4"
source = "registry+https://github.com/rust-lang/crates.io-index"
checksum = "ddd31a130427c27518df266943a5308ed92d4b226cc639f5a8f1002816174301"
dependencies = [
 "memchr",
]

[[package]]
name = "arborium"
version = "2.0.0"
dependencies = [
 "arborium-ada",
 "arborium-agda",
 "arborium-asciidoc",
 "arborium-asm",
 "arborium-awk",
 "arborium-bash",
 "arborium-batch",
 "arborium-c",
 "arborium-c-sharp",
 "arborium-caddy",
 "arborium-capnp",
 "arborium-clojure",
 "arborium-cmake",
 "arborium-commonlisp",
 "arborium-cpp",
 "arborium-css",
 "arborium-d",
 "arborium-dart",
 "arborium-devicetree",
 "arborium-diff",
 "arborium-dockerfile",
 "arborium-dot",
 "arborium-elisp",
 "arborium-elixir",
 "arborium-elm",
 "arborium-erlang",
 "arborium-fish",
 "arborium-fsharp",
 "arborium-gleam",
 "arborium-glsl",
 "arborium-go",
 "arborium-graphql",
 "arborium-haskell",
 "arborium-hcl",
 "arborium-highlight",
 "arborium-hlsl",
 "arborium-html",
 "arborium-idris",
 "arborium-ini",
 "arborium-java",
 "arborium-javascript",
 "arborium-jinja2",
 "arborium-jq",
 "arborium-json",
 "arborium-julia",
 "arborium-kdl",
 "arborium-kotlin",
 "arborium-lean",
 "arborium-lua",
 "arborium-markdown",
 "arborium-matlab",
 "arborium-meson",
 "arborium-nginx",
 "arborium-ninja",
 "arborium-nix",
 "arborium-objc",
 "arborium-ocaml",
 "arborium-perl",
 "arborium-php",
 "arborium-postscript",
 "arborium-powershell",
 "arborium-prolog",
 "arborium-python",
 "arborium-query",
 "arborium-r",
 "arborium-rescript",
 "arborium-ron",
 "arborium-ruby",
 "arborium-rust",
 "arborium-scala",
 "arborium-scheme",
 "arborium-scss",
 "arborium-sparql",
 "arborium-sql",
 "arborium-ssh-config",
 "arborium-starlark",
 "arborium-svelte",
 "arborium-swift",
 "arborium-textproto",
 "arborium-theme",
 "arborium-thrift",
 "arborium-tlaplus",
 "arborium-toml",
 "arborium-tree-sitter",
 "arborium-tsx",
 "arborium-typescript",
 "arborium-typst",
 "arborium-uiua",
 "arborium-vb",
 "arborium-verilog",
 "arborium-vhdl",
 "arborium-vim",
 "arborium-vue",
 "arborium-x86asm",
 "arborium-xml",
 "arborium-yaml",
 "arborium-yuri",
 "arborium-zig",
 "arborium-zsh",
 "dlmalloc",
 "indoc",
]

[[package]]
name = "arborium-ada"
version = "2.0.0"
dependencies = [
 "arborium-sysroot",
 "cc",
 "tree-sitter-language",
]

[[package]]
name = "arborium-agda"
version = "2.0.0"
dependencies = [
 "arborium-sysroot",
 "cc",
 "tree-sitter-language",
]

[[package]]
name = "arborium-asciidoc"
version = "2.0.0"
dependencies = [
 "arborium-sysroot",
 "cc",
 "tree-sitter-language",
]

[[package]]
name = "arborium-asm"
version = "2.0.0"
dependencies = [
 "arborium-sysroot",
 "cc",
 "tree-sitter-language",
]

[[package]]
name = "arborium-awk"
version = "2.0.0"
dependencies = [
 "arborium-sysroot",
 "cc",
 "tree-sitter-language",
]

[[package]]
name = "arborium-bash"
version = "2.0.0"
dependencies = [
 "arborium-sysroot",
 "cc",
 "tree-sitter-language",
]

[[package]]
name = "arborium-batch"
version = "2.0.0"
dependencies = [
 "arborium-sysroot",
 "cc",
 "tree-sitter-language",
]

[[package]]
name = "arborium-c"
version = "2.0.0"
dependencies = [
 "arborium-sysroot",
 "cc",
 "tree-sitter-language",
]

[[package]]
name = "arborium-c-sharp"
version = "2.0.0"
dependencies = [
 "arborium-sysroot",
 "cc",
 "tree-sitter-language",
]

[[package]]
name = "arborium-caddy"
version = "2.0.0"
dependencies = [
 "arborium-sysroot",
 "cc",
 "tree-sitter-language",
]

[[package]]
name = "arborium-capnp"
version = "2.0.0"
dependencies = [
 "arborium-sysroot",
 "cc",
 "tree-sitter-language",
]

[[package]]
name = "arborium-clojure"
version = "2.0.0"
dependencies = [
 "arborium-sysroot",
 "cc",
 "tree-sitter-language",
]

[[package]]
name = "arborium-cmake"
version = "2.0.0"
dependencies = [
 "arborium-sysroot",
 "cc",
 "tree-sitter-language",
]

[[package]]
name = "arborium-commonlisp"
version = "2.0.0"
dependencies = [
 "arborium-sysroot",
 "cc",
 "tree-sitter-language",
]

[[package]]
name = "arborium-cpp"
version = "2.0.0"
dependencies = [
 "arborium-c",
 "arborium-sysroot",
 "cc",
 "tree-sitter-language",
]

[[package]]
name = "arborium-css"
version = "2.0.0"
dependencies = [
 "arborium-sysroot",
 "cc",
 "tree-sitter-language",
]

[[package]]
name = "arborium-d"
version = "2.0.0"
dependencies = [
 "arborium-sysroot",
 "cc",
 "tree-sitter-language",
]

[[package]]
name = "arborium-dart"
version = "2.0.0"
dependencies = [
 "arborium-sysroot",
 "cc",
 "tree-sitter-language",
]

[[package]]
name = "arborium-devicetree"
version = "2.0.0"
dependencies = [
 "arborium-sysroot",
 "cc",
 "tree-sitter-language",
]

[[package]]
name = "arborium-diff"
version = "2.0.0"
dependencies = [
 "arborium-sysroot",
 "cc",
 "tree-sitter-language",
]

[[package]]
name = "arborium-dockerfile"
version = "2.0.0"
dependencies = [
 "arborium-sysroot",
 "cc",
 "tree-sitter-language",
]

[[package]]
name = "arborium-dot"
version = "2.0.0"
dependencies = [
 "arborium-sysroot",
 "cc",
 "tree-sitter-language",
]

[[package]]
name = "arborium-elisp"
version = "2.0.0"
dependencies = [
 "arborium-sysroot",
 "cc",
 "tree-sitter-language",
]

[[package]]
name = "arborium-elixir"
version = "2.0.0"
dependencies = [
 "arborium-sysroot",
 "cc",
 "tree-sitter-language",
]

[[package]]
name = "arborium-elm"
version = "2.0.0"
dependencies = [
 "arborium-sysroot",
 "cc",
 "tree-sitter-language",
]

[[package]]
name = "arborium-erlang"
version = "2.0.0"
dependencies = [
 "arborium-sysroot",
 "cc",
 "tree-sitter-language",
]

[[package]]
name = "arborium-fish"
version = "2.0.0"
dependencies = [
 "arborium-sysroot",
 "cc",
 "tree-sitter-language",
]

[[package]]
name = "arborium-fsharp"
version = "2.0.0"
dependencies = [
 "arborium-sysroot",
 "cc",
 "tree-sitter-language",
]

[[package]]
name = "arborium-gleam"
version = "2.0.0"
dependencies = [
 "arborium-sysroot",
 "cc",
 "tree-sitter-language",
]

[[package]]
name = "arborium-glsl"
version = "2.0.0"
dependencies = [
 "arborium-c",
 "arborium-sysroot",
 "cc",
 "tree-sitter-language",
]

[[package]]
name = "arborium-go"
version = "2.0.0"
dependencies = [
 "arborium-sysroot",
 "cc",
 "tree-sitter-language",
]

[[package]]
name = "arborium-graphql"
version = "2.0.0"
dependencies = [
 "arborium-sysroot",
 "cc",
 "tree-sitter-language",
]

[[package]]
name = "arborium-haskell"
version = "2.0.0"
dependencies = [
 "arborium-sysroot",
 "cc",
 "tree-sitter-language",
]

[[package]]
name = "arborium-hcl"
version = "2.0.0"
dependencies = [
 "arborium-sysroot",
 "cc",
 "tree-sitter-language",
]

[[package]]
name = "arborium-highlight"
version = "2.0.0"
dependencies = [
 "arborium-theme",
 "arborium-tree-sitter",
 "streaming-iterator",
]

[[package]]
name = "arborium-hlsl"
version = "2.0.0"
dependencies = [
 "arborium-cpp",
 "arborium-sysroot",
 "cc",
 "tree-sitter-language",
]

[[package]]
name = "arborium-html"
version = "2.0.0"
dependencies = [
 "arborium-css",
 "arborium-javascript",
 "arborium-sysroot",
 "cc",
 "tree-sitter-language",
]

[[package]]
name = "arborium-idris"
version = "2.0.0"
dependencies = [
 "arborium-sysroot",
 "cc",
 "tree-sitter-language",
]

[[package]]
name = "arborium-ini"
version = "2.0.0"
dependencies = [
 "arborium-sysroot",
 "cc",
 "tree-sitter-language",
]

[[package]]
name = "arborium-java"
version = "2.0.0"
dependencies = [
 "arborium-sysroot",
 "cc",
 "tree-sitter-language",
]

[[package]]
name = "arborium-javascript"
version = "2.0.0"
dependencies = [
 "arborium-sysroot",
 "cc",
 "tree-sitter-language",
]

[[package]]
name = "arborium-jinja2"
version = "2.0.0"
dependencies = [
 "arborium-sysroot",
 "cc",
 "tree-sitter-language",
]

[[package]]
name = "arborium-jq"
version = "2.0.0"
dependencies = [
 "arborium-sysroot",
 "cc",
 "tree-sitter-language",
]

[[package]]
name = "arborium-json"
version = "2.0.0"
dependencies = [
 "arborium-sysroot",
 "cc",
 "tree-sitter-language",
]

[[package]]
name = "arborium-julia"
version = "2.0.0"
dependencies = [
 "arborium-sysroot",
 "cc",
 "tree-sitter-language",
]

[[package]]
name = "arborium-kdl"
version = "2.0.0"
dependencies = [
 "arborium-sysroot",
 "cc",
 "tree-sitter-language",
]

[[package]]
name = "arborium-kotlin"
version = "2.0.0"
dependencies = [
 "arborium-sysroot",
 "cc",
 "tree-sitter-language",
]

[[package]]
name = "arborium-lean"
version = "2.0.0"
dependencies = [
 "arborium-sysroot",
 "cc",
 "tree-sitter-language",
]

[[package]]
name = "arborium-lua"
version = "2.0.0"
dependencies = [
 "arborium-sysroot",
 "cc",
 "tree-sitter-language",
]

[[package]]
name = "arborium-markdown"
version = "2.0.0"
dependencies = [
 "arborium-html",
 "arborium-sysroot",
 "arborium-toml",
 "arborium-yaml",
 "cc",
 "tree-sitter-language",
]

[[package]]
name = "arborium-matlab"
version = "2.0.0"
dependencies = [
 "arborium-sysroot",
 "cc",
 "tree-sitter-language",
]

[[package]]
name = "arborium-meson"
version = "2.0.0"
dependencies = [
 "arborium-sysroot",
 "cc",
 "tree-sitter-language",
]

[[package]]
name = "arborium-nginx"
version = "2.0.0"
dependencies = [
 "arborium-sysroot",
 "cc",
 "tree-sitter-language",
]

[[package]]
name = "arborium-ninja"
version = "2.0.0"
dependencies = [
 "arborium-sysroot",
 "cc",
 "tree-sitter-language",
]

[[package]]
name = "arborium-nix"
version = "2.0.0"
dependencies = [
 "arborium-sysroot",
 "cc",
 "tree-sitter-language",
]

[[package]]
name = "arborium-objc"
version = "2.0.0"
dependencies = [
 "arborium-c",
 "arborium-sysroot",
 "cc",
 "tree-sitter-language",
]

[[package]]
name = "arborium-ocaml"
version = "2.0.0"
dependencies = [
 "arborium-sysroot",
 "cc",
 "tree-sitter-language",
]

[[package]]
name = "arborium-perl"
version = "2.0.0"
dependencies = [
 "arborium-sysroot",
 "cc",
 "tree-sitter-language",
]

[[package]]
name = "arborium-php"
version = "2.0.0"
dependencies = [
 "arborium-sysroot",
 "cc",
 "tree-sitter-language",
]

[[package]]
name = "arborium-postscript"
version = "2.0.0"
dependencies = [
 "arborium-sysroot",
 "cc",
 "tree-sitter-language",
]

[[package]]
name = "arborium-powershell"
version = "2.0.0"
dependencies = [
 "arborium-sysroot",
 "cc",
 "tree-sitter-language",
]

[[package]]
name = "arborium-prolog"
version = "2.0.0"
dependencies = [
 "arborium-sysroot",
 "cc",
 "tree-sitter-language",
]

[[package]]
name = "arborium-python"
version = "2.0.0"
dependencies = [
 "arborium-sysroot",
 "cc",
 "tree-sitter-language",
]

[[package]]
name = "arborium-query"
version = "2.0.0"
dependencies = [
 "arborium-sysroot",
 "cc",
 "tree-sitter-language",
]

[[package]]
name = "arborium-r"
version = "2.0.0"
dependencies = [
 "arborium-sysroot",
 "cc",
 "tree-sitter-language",
]

[[package]]
name = "arborium-rescript"
version = "2.0.0"
dependencies = [
 "arborium-sysroot",
 "cc",
 "tree-sitter-language",
]

[[package]]
name = "arborium-ron"
version = "2.0.0"
dependencies = [
 "arborium-sysroot",
 "cc",
 "tree-sitter-language",
]

[[package]]
name = "arborium-ruby"
version = "2.0.0"
dependencies = [
 "arborium-sysroot",
 "cc",
 "tree-sitter-language",
]

[[package]]
name = "arborium-rust"
version = "2.0.0"
dependencies = [
 "arborium-sysroot",
 "cc",
 "tree-sitter-language",
]

[[package]]
name = "arborium-scala"
version = "2.0.0"
dependencies = [
 "arborium-sysroot",
 "cc",
 "tree-sitter-language",
]

[[package]]
name = "arborium-scheme"
version = "2.0.0"
dependencies = [
 "arborium-sysroot",
 "cc",
 "tree-sitter-language",
]

[[package]]
name = "arborium-scss"
version = "2.0.0"
dependencies = [
 "arborium-css",
 "arborium-sysroot",
 "cc",
 "tree-sitter-language",
]

[[package]]
name = "arborium-sparql"
version = "2.0.0"
dependencies = [
 "arborium-sysroot",
 "cc",
 "tree-sitter-language",
]

[[package]]
name = "arborium-sql"
version = "2.0.0"
dependencies = [
 "arborium-sysroot",
 "cc",
 "tree-sitter-language",
]

[[package]]
name = "arborium-ssh-config"
version = "2.0.0"
dependencies = [
 "arborium-sysroot",
 "cc",
 "tree-sitter-language",
]

[[package]]
name = "arborium-starlark"
version = "2.0.0"
dependencies = [
 "arborium-sysroot",
 "cc",
 "tree-sitter-language",
]

[[package]]
name = "arborium-svelte"
version = "2.0.0"
dependencies = [
 "arborium-css",
 "arborium-html",
 "arborium-javascript",
 "arborium-scss",
 "arborium-sysroot",
 "arborium-typescript",
 "cc",
 "tree-sitter-language",
]

[[package]]
name = "arborium-swift"
version = "2.0.0"
dependencies = [
 "arborium-sysroot",
 "cc",
 "tree-sitter-language",
]

[[package]]
name = "arborium-sysroot"
version = "2.0.0"
dependencies = [
 "cc",
 "dlmalloc",
]

[[package]]
name = "arborium-textproto"
version = "2.0.0"
dependencies = [
 "arborium-sysroot",
 "cc",
 "tree-sitter-language",
]

[[package]]
name = "arborium-theme"
version = "2.0.0"

[[package]]
name = "arborium-thrift"
version = "2.0.0"
dependencies = [
 "arborium-sysroot",
 "cc",
 "tree-sitter-language",
]

[[package]]
name = "arborium-tlaplus"
version = "2.0.0"
dependencies = [
 "arborium-sysroot",
 "cc",
 "tree-sitter-language",
]

[[package]]
name = "arborium-toml"
version = "2.0.0"
dependencies = [
 "arborium-sysroot",
 "cc",
 "tree-sitter-language",
]

[[package]]
name = "arborium-tree-sitter"
version = "2.0.0"
dependencies = [
 "arborium-sysroot",
 "cc",
 "regex",
 "regex-syntax",
 "streaming-iterator",
 "tree-sitter-language",
]

[[package]]
name = "arborium-tsx"
version = "2.0.0"
dependencies = [
 "arborium-javascript",
 "arborium-sysroot",
 "cc",
 "tree-sitter-language",
]

[[package]]
name = "arborium-typescript"
version = "2.0.0"
dependencies = [
 "arborium-javascript",
 "arborium-sysroot",
 "cc",
 "tree-sitter-language",
]

[[package]]
name = "arborium-typst"
version = "2.0.0"
dependencies = [
 "arborium-sysroot",
 "cc",
 "tree-sitter-language",
]

[[package]]
name = "arborium-uiua"
version = "2.0.0"
dependencies = [
 "arborium-sysroot",
 "cc",
 "tree-sitter-language",
]

[[package]]
name = "arborium-vb"
version = "2.0.0"
dependencies = [
 "arborium-sysroot",
 "cc",
 "tree-sitter-language",
]

[[package]]
name = "arborium-verilog"
version = "2.0.0"
dependencies = [
 "arborium-sysroot",
 "cc",
 "tree-sitter-language",
]

[[package]]
name = "arborium-vhdl"
version = "2.0.0"
dependencies = [
 "arborium-sysroot",
 "cc",
 "tree-sitter-language",
]

[[package]]
name = "arborium-vim"
version = "2.0.0"
dependencies = [
 "arborium-sysroot",
 "cc",
 "tree-sitter-language",
]

[[package]]
name = "arborium-vue"
version = "2.0.0"
dependencies = [
 "arborium-css",
 "arborium-html",
 "arborium-javascript",
 "arborium-scss",
 "arborium-sysroot",
 "arborium-typescript",
 "cc",
 "tree-sitter-language",
]

[[package]]
name = "arborium-x86asm"
version = "2.0.0"
dependencies = [
 "arborium-sysroot",
 "cc",
 "tree-sitter-language",
]

[[package]]
name = "arborium-xml"
version = "2.0.0"
dependencies = [
 "arborium-sysroot",
 "cc",
 "tree-sitter-language",
]

[[package]]
name = "arborium-yaml"
version = "2.0.0"
dependencies = [
 "arborium-sysroot",
 "cc",
 "tree-sitter-language",
]

[[package]]
name = "arborium-yuri"
version = "2.0.0"
dependencies = [
 "arborium-sysroot",
 "cc",
 "tree-sitter-language",
]

[[package]]
name = "arborium-zig"
version = "2.0.0"
dependencies = [
 "arborium-sysroot",
 "cc",
 "tree-sitter-language",
]

[[package]]
name = "arborium-zsh"
version = "2.0.0"
dependencies = [
 "arborium-sysroot",
 "cc",
 "tree-sitter-language",
]

[[package]]
name = "cc"
version = "1.2.49"
source = "registry+https://github.com/rust-lang/crates.io-index"
checksum = "90583009037521a116abf44494efecd645ba48b6622457080f080b85544e2215"
dependencies = [
 "find-msvc-tools",
 "shlex",
]

[[package]]
name = "cfg-if"
version = "1.0.4"
source = "registry+https://github.com/rust-lang/crates.io-index"
checksum = "9330f8b2ff13f34540b44e946ef35111825727b38d33286ef986142615121801"

[[package]]
name = "dlmalloc"
version = "0.2.12"
source = "registry+https://github.com/rust-lang/crates.io-index"
checksum = "6738d2e996274e499bc7b0d693c858b7720b9cd2543a0643a3087e6cb0a4fa16"
dependencies = [
 "cfg-if",
 "libc",
 "windows-sys",
]

[[package]]
name = "find-msvc-tools"
version = "0.1.5"
source = "registry+https://github.com/rust-lang/crates.io-index"
checksum = "3a3076410a55c90011c298b04d0cfa770b00fa04e1e3c97d3f6c9de105a03844"

[[package]]
name = "indoc"
version = "2.0.7"
source = "registry+https://github.com/rust-lang/crates.io-index"
checksum = "79cf5c93f93228cf8efb3ba362535fb11199ac548a09ce117c9b1adc3030d706"
dependencies = [
 "rustversion",
]

[[package]]
name = "libc"
version = "0.2.178"
source = "registry+https://github.com/rust-lang/crates.io-index"
checksum = "37c93d8daa9d8a012fd8ab92f088405fb202ea0b6ab73ee2482ae66af4f42091"

[[package]]
name = "memchr"
version = "2.7.6"
source = "registry+https://github.com/rust-lang/crates.io-index"
checksum = "f52b00d39961fc5b2736ea853c9cc86238e165017a493d1d5c8eac6bdc4cc273"

[[package]]
name = "regex"
version = "1.12.2"
source = "registry+https://github.com/rust-lang/crates.io-index"
checksum = "843bc0191f75f3e22651ae5f1e72939ab2f72a4bc30fa80a066bd66edefc24d4"
dependencies = [
 "aho-corasick",
 "memchr",
 "regex-automata",
 "regex-syntax",
]

[[package]]
name = "regex-automata"
version = "0.4.13"
source = "registry+https://github.com/rust-lang/crates.io-index"
checksum = "5276caf25ac86c8d810222b3dbb938e512c55c6831a10f3e6ed1c93b84041f1c"
dependencies = [
 "aho-corasick",
 "memchr",
 "regex-syntax",
]

[[package]]
name = "regex-syntax"
version = "0.8.8"
source = "registry+https://github.com/rust-lang/crates.io-index"
checksum = "7a2d987857b319362043e95f5353c0535c1f58eec5336fdfcf626430af7def58"

[[package]]
name = "rustversion"
version = "1.0.22"
source = "registry+https://github.com/rust-lang/crates.io-index"
checksum = "b39cdef0fa800fc44525c84ccb54a029961a8215f9619753635a9c0d2538d46d"

[[package]]
name = "shlex"
version = "1.3.0"
source = "registry+https://github.com/rust-lang/crates.io-index"
checksum = "0fda2ff0d084019ba4d7c6f371c95d8fd75ce3524c3cb8fb653a3023f6323e64"

[[package]]
name = "streaming-iterator"
version = "0.1.9"
source = "registry+https://github.com/rust-lang/crates.io-index"
checksum = "2b2231b7c3057d5e4ad0156fb3dc807d900806020c5ffa3ee6ff2c8c76fb8520"

[[package]]
name = "tree-sitter-language"
version = "0.1.5"

[[package]]
name = "windows-link"
version = "0.2.1"
source = "registry+https://github.com/rust-lang/crates.io-index"
checksum = "f0805222e57f7521d6a62e36fa9163bc891acd422f971defe97d64e70d0a4fe5"

[[package]]
name = "windows-sys"
version = "0.61.2"
source = "registry+https://github.com/rust-lang/crates.io-index"
checksum = "ae137229bcbd6cdf0f7b80a31df61766145077ddf49416a728b02cb3921ff3fc"
dependencies = [
 "windows-link",
]
